
Microsoft Visual Studio Solution File, Format Version 12.00
# Visual Studio 14
VisualStudioVersion = 14.0.22013.1
MinimumVisualStudioVersion = 10.0.40219.1
Project("{FAE04EC0-301F-11D3-BF4B-00C04F79EFBC}") = "SyntaxRewriter", "SyntaxRewriter\SyntaxRewriter.csproj", "{ACBC05BE-2469-4A0E-B78E-D7BE83A3B9EA}"
EndProject
Global
	GlobalSection(SolutionConfigurationPlatforms) = preSolution
		Debug|x86 = Debug|x86
		Release|x86 = Release|x86
	EndGlobalSection
	GlobalSection(ProjectConfigurationPlatforms) = postSolution
		{ACBC05BE-2469-4A0E-B78E-D7BE83A3B9EA}.Debug|x86.ActiveCfg = Debug|x86
		{ACBC05BE-2469-4A0E-B78E-D7BE83A3B9EA}.Debug|x86.Build.0 = Debug|x86
		{ACBC05BE-2469-4A0E-B78E-D7BE83A3B9EA}.Release|x86.ActiveCfg = Release|x86
		{ACBC05BE-2469-4A0E-B78E-D7BE83A3B9EA}.Release|x86.Build.0 = Release|x86
	EndGlobalSection
	GlobalSection(SolutionProperties) = preSolution
		HideSolutionNode = FALSE
	EndGlobalSection
EndGlobal
