
Microsoft Visual Studio Solution File, Format Version 12.00
# Visual Studio 14
VisualStudioVersion = 14.0.22013.1
MinimumVisualStudioVersion = 10.0.40219.1
Project("{FAE04EC0-301F-11D3-BF4B-00C04F79EFBC}") = "SyntaxWalker", "SyntaxWalker\SyntaxWalker.csproj", "{89453C2D-D1ED-41B8-AD22-B971E770BBE3}"
EndProject
Global
	GlobalSection(SolutionConfigurationPlatforms) = preSolution
		Debug|x86 = Debug|x86
		Release|x86 = Release|x86
	EndGlobalSection
	GlobalSection(ProjectConfigurationPlatforms) = postSolution
		{89453C2D-D1ED-41B8-AD22-B971E770BBE3}.Debug|x86.ActiveCfg = Debug|x86
		{89453C2D-D1ED-41B8-AD22-B971E770BBE3}.Debug|x86.Build.0 = Debug|x86
		{89453C2D-D1ED-41B8-AD22-B971E770BBE3}.Release|x86.ActiveCfg = Release|x86
		{89453C2D-D1ED-41B8-AD22-B971E770BBE3}.Release|x86.Build.0 = Release|x86
	EndGlobalSection
	GlobalSection(SolutionProperties) = preSolution
		HideSolutionNode = FALSE
	EndGlobalSection
EndGlobal
