
Microsoft Visual Studio Solution File, Format Version 11.00
# Visual Studio 2010
Project("{FAE04EC0-301F-11D3-BF4B-00C04F79EFBC}") = "HelloWorld", "HelloWorld\HelloWorld.csproj", "{3527FE09-F3BA-435E-BAFB-29D1EF97C1F8}"
EndProject
Project("{FAE04EC0-301F-11D3-BF4B-00C04F79EFBC}") = "HelloWorld.Tests", "HelloWorld.Tests\HelloWorld.Tests.csproj", "{5489579F-01EF-4734-B426-98CDD578EAF0}"
EndProject
Global
	GlobalSection(SolutionConfigurationPlatforms) = preSolution
		Debug|Any CPU = Debug|Any CPU
		Release|Any CPU = Release|Any CPU
	EndGlobalSection
	GlobalSection(ProjectConfigurationPlatforms) = postSolution
		{3527FE09-F3BA-435E-BAFB-29D1EF97C1F8}.Debug|Any CPU.ActiveCfg = Debug|Any CPU
		{3527FE09-F3BA-435E-BAFB-29D1EF97C1F8}.Debug|Any CPU.Build.0 = Debug|Any CPU
		{3527FE09-F3BA-435E-BAFB-29D1EF97C1F8}.Release|Any CPU.ActiveCfg = Release|Any CPU
		{3527FE09-F3BA-435E-BAFB-29D1EF97C1F8}.Release|Any CPU.Build.0 = Release|Any CPU
		{5489579F-01EF-4734-B426-98CDD578EAF0}.Debug|Any CPU.ActiveCfg = Debug|Any CPU
		{5489579F-01EF-4734-B426-98CDD578EAF0}.Debug|Any CPU.Build.0 = Debug|Any CPU
		{5489579F-01EF-4734-B426-98CDD578EAF0}.Release|Any CPU.ActiveCfg = Release|Any CPU
		{5489579F-01EF-4734-B426-98CDD578EAF0}.Release|Any CPU.Build.0 = Release|Any CPU
	EndGlobalSection
	GlobalSection(SolutionProperties) = preSolution
		HideSolutionNode = FALSE
	EndGlobalSection
EndGlobal
