
Microsoft Visual Studio Solution File, Format Version 10.00
# Visual Studio 2008
Project("{FAE04EC0-301F-11D3-BF4B-00C04F79EFBC}") = "MVVMExample", "MVVMExample\MVVMExample.csproj", "{0E3A9284-2F5A-4708-976D-F40B01866727}"
EndProject
Project("{FAE04EC0-301F-11D3-BF4B-00C04F79EFBC}") = "MVVM.Data", "MVVM.Data\MVVM.Data.csproj", "{C94214C2-C689-4EC8-949A-B12E115CCF71}"
EndProject
Project("{2150E333-8FDC-42A3-9474-1A3956D46DE8}") = "Server", "Server", "{D6E41D9B-C914-4C8C-B2A6-B1E6E506454C}"
EndProject
Project("{2150E333-8FDC-42A3-9474-1A3956D46DE8}") = "Client", "Client", "{500506A0-6285-4EBA-951D-382E05FA41E8}"
EndProject
Project("{FAE04EC0-301F-11D3-BF4B-00C04F79EFBC}") = "MVVM.Client.Data", "MVVM.Client.Data\MVVM.Client.Data.csproj", "{5EB549C5-80D1-44A1-9243-9DB7A6F308C4}"
EndProject
Project("{FAE04EC0-301F-11D3-BF4B-00C04F79EFBC}") = "MVVM.Client", "MVVM.Client\MVVM.Client.csproj", "{B0B55431-8553-434F-85F5-FCBA8421B1B4}"
EndProject
Project("{FAE04EC0-301F-11D3-BF4B-00C04F79EFBC}") = "MVVM.Client.Test", "MVVM.Client.Test\MVVM.Client.Test.csproj", "{FA0B2D7F-8658-4AF1-86BB-71D116436AB2}"
EndProject
Global
	GlobalSection(SolutionConfigurationPlatforms) = preSolution
		Debug|Any CPU = Debug|Any CPU
		Release|Any CPU = Release|Any CPU
	EndGlobalSection
	GlobalSection(ProjectConfigurationPlatforms) = postSolution
		{0E3A9284-2F5A-4708-976D-F40B01866727}.Debug|Any CPU.ActiveCfg = Debug|Any CPU
		{0E3A9284-2F5A-4708-976D-F40B01866727}.Debug|Any CPU.Build.0 = Debug|Any CPU
		{0E3A9284-2F5A-4708-976D-F40B01866727}.Release|Any CPU.ActiveCfg = Release|Any CPU
		{0E3A9284-2F5A-4708-976D-F40B01866727}.Release|Any CPU.Build.0 = Release|Any CPU
		{C94214C2-C689-4EC8-949A-B12E115CCF71}.Debug|Any CPU.ActiveCfg = Debug|Any CPU
		{C94214C2-C689-4EC8-949A-B12E115CCF71}.Debug|Any CPU.Build.0 = Debug|Any CPU
		{C94214C2-C689-4EC8-949A-B12E115CCF71}.Release|Any CPU.ActiveCfg = Release|Any CPU
		{C94214C2-C689-4EC8-949A-B12E115CCF71}.Release|Any CPU.Build.0 = Release|Any CPU
		{5EB549C5-80D1-44A1-9243-9DB7A6F308C4}.Debug|Any CPU.ActiveCfg = Debug|Any CPU
		{5EB549C5-80D1-44A1-9243-9DB7A6F308C4}.Debug|Any CPU.Build.0 = Debug|Any CPU
		{5EB549C5-80D1-44A1-9243-9DB7A6F308C4}.Release|Any CPU.ActiveCfg = Release|Any CPU
		{5EB549C5-80D1-44A1-9243-9DB7A6F308C4}.Release|Any CPU.Build.0 = Release|Any CPU
		{B0B55431-8553-434F-85F5-FCBA8421B1B4}.Debug|Any CPU.ActiveCfg = Debug|Any CPU
		{B0B55431-8553-434F-85F5-FCBA8421B1B4}.Debug|Any CPU.Build.0 = Debug|Any CPU
		{B0B55431-8553-434F-85F5-FCBA8421B1B4}.Release|Any CPU.ActiveCfg = Release|Any CPU
		{B0B55431-8553-434F-85F5-FCBA8421B1B4}.Release|Any CPU.Build.0 = Release|Any CPU
		{FA0B2D7F-8658-4AF1-86BB-71D116436AB2}.Debug|Any CPU.ActiveCfg = Debug|Any CPU
		{FA0B2D7F-8658-4AF1-86BB-71D116436AB2}.Debug|Any CPU.Build.0 = Debug|Any CPU
		{FA0B2D7F-8658-4AF1-86BB-71D116436AB2}.Release|Any CPU.ActiveCfg = Release|Any CPU
		{FA0B2D7F-8658-4AF1-86BB-71D116436AB2}.Release|Any CPU.Build.0 = Release|Any CPU
	EndGlobalSection
	GlobalSection(SolutionProperties) = preSolution
		HideSolutionNode = FALSE
	EndGlobalSection
	GlobalSection(NestedProjects) = preSolution
		{C94214C2-C689-4EC8-949A-B12E115CCF71} = {D6E41D9B-C914-4C8C-B2A6-B1E6E506454C}
		{0E3A9284-2F5A-4708-976D-F40B01866727} = {D6E41D9B-C914-4C8C-B2A6-B1E6E506454C}
		{5EB549C5-80D1-44A1-9243-9DB7A6F308C4} = {500506A0-6285-4EBA-951D-382E05FA41E8}
		{B0B55431-8553-434F-85F5-FCBA8421B1B4} = {500506A0-6285-4EBA-951D-382E05FA41E8}
		{FA0B2D7F-8658-4AF1-86BB-71D116436AB2} = {500506A0-6285-4EBA-951D-382E05FA41E8}
	EndGlobalSection
EndGlobal
