
Microsoft Visual Studio Solution File, Format Version 11.00
# Visual Studio 10
Project("{FAE04EC0-301F-11D3-BF4B-00C04F79EFBC}") = "DO", "DO\DO.csproj", "{5AC99241-7E16-4A03-BDDA-0A3FEF86AB61}"
EndProject
Global
	GlobalSection(SolutionConfigurationPlatforms) = preSolution
		Debug|Any CPU = Debug|Any CPU
		Release|Any CPU = Release|Any CPU
	EndGlobalSection
	GlobalSection(ProjectConfigurationPlatforms) = postSolution
		{5AC99241-7E16-4A03-BDDA-0A3FEF86AB61}.Debug|Any CPU.ActiveCfg = Debug|Any CPU
		{5AC99241-7E16-4A03-BDDA-0A3FEF86AB61}.Debug|Any CPU.Build.0 = Debug|Any CPU
		{5AC99241-7E16-4A03-BDDA-0A3FEF86AB61}.Release|Any CPU.ActiveCfg = Release|Any CPU
		{5AC99241-7E16-4A03-BDDA-0A3FEF86AB61}.Release|Any CPU.Build.0 = Release|Any CPU
	EndGlobalSection
	GlobalSection(SolutionProperties) = preSolution
		HideSolutionNode = FALSE
	EndGlobalSection
EndGlobal
